
Microsoft Visual Studio Solution File, Format Version 12.00
# Visual Studio 15
VisualStudioVersion = 15.0.28010.2036
MinimumVisualStudioVersion = 10.0.40219.1
Project("{FAE04EC0-301F-11D3-BF4B-00C04F79EFBC}") = "Game", "Game\Game.csproj", "{F80E50CA-A26B-4B65-A252-7FF04C2E3AAB}"
EndProject
Project("{2150E333-8FDC-42A3-9474-1A3956D46DE8}") = "Resources", "Resources", "{A22E713C-0D23-47DD-AAAE-5A9994730F35}"
	ProjectSection(SolutionItems) = preProject
		Game\Background_Menu2.jpg = Game\Background_Menu2.jpg
		..\..\..\..\..\halloween.gif = ..\..\..\..\..\halloween.gif
	EndProjectSection
EndProject
Project("{FAE04EC0-301F-11D3-BF4B-00C04F79EFBC}") = "Game.Theme", "Game.Theme\Game.Theme.csproj", "{4FC75AA6-0038-4DE7-BD17-5D190466132B}"
EndProject
Project("{FAE04EC0-301F-11D3-BF4B-00C04F79EFBC}") = "MovementTest", "MovementTest\MovementTest.csproj", "{B867B2DB-90EB-4DA0-BD79-DAE3883D55F5}"
EndProject
Global
	GlobalSection(SolutionConfigurationPlatforms) = preSolution
		Debug|Any CPU = Debug|Any CPU
		Release|Any CPU = Release|Any CPU
	EndGlobalSection
	GlobalSection(ProjectConfigurationPlatforms) = postSolution
		{F80E50CA-A26B-4B65-A252-7FF04C2E3AAB}.Debug|Any CPU.ActiveCfg = Debug|Any CPU
		{F80E50CA-A26B-4B65-A252-7FF04C2E3AAB}.Debug|Any CPU.Build.0 = Debug|Any CPU
		{F80E50CA-A26B-4B65-A252-7FF04C2E3AAB}.Release|Any CPU.ActiveCfg = Release|Any CPU
		{F80E50CA-A26B-4B65-A252-7FF04C2E3AAB}.Release|Any CPU.Build.0 = Release|Any CPU
		{4FC75AA6-0038-4DE7-BD17-5D190466132B}.Debug|Any CPU.ActiveCfg = Debug|Any CPU
		{4FC75AA6-0038-4DE7-BD17-5D190466132B}.Debug|Any CPU.Build.0 = Debug|Any CPU
		{4FC75AA6-0038-4DE7-BD17-5D190466132B}.Release|Any CPU.ActiveCfg = Release|Any CPU
		{4FC75AA6-0038-4DE7-BD17-5D190466132B}.Release|Any CPU.Build.0 = Release|Any CPU
		{B867B2DB-90EB-4DA0-BD79-DAE3883D55F5}.Debug|Any CPU.ActiveCfg = Debug|Any CPU
		{B867B2DB-90EB-4DA0-BD79-DAE3883D55F5}.Debug|Any CPU.Build.0 = Debug|Any CPU
		{B867B2DB-90EB-4DA0-BD79-DAE3883D55F5}.Release|Any CPU.ActiveCfg = Release|Any CPU
		{B867B2DB-90EB-4DA0-BD79-DAE3883D55F5}.Release|Any CPU.Build.0 = Release|Any CPU
	EndGlobalSection
	GlobalSection(SolutionProperties) = preSolution
		HideSolutionNode = FALSE
	EndGlobalSection
	GlobalSection(ExtensibilityGlobals) = postSolution
		SolutionGuid = {B2C1E15C-658A-49C4-8DB4-B7B94EAEBE75}
	EndGlobalSection
EndGlobal
